
Microsoft Visual Studio Solution File, Format Version 12.00
# Visual Studio Version 16
VisualStudioVersion = 16.0.30413.136
MinimumVisualStudioVersion = 10.0.40219.1
Project("{FAE04EC0-301F-11D3-BF4B-00C04F79EFBC}") = "JarmuPark", "JarmuPark\JarmuPark.csproj", "{6D27F193-740C-49AA-9A0D-1F914485044C}"
EndProject
Global
	GlobalSection(SolutionConfigurationPlatforms) = preSolution
		Debug|Any CPU = Debug|Any CPU
		Release|Any CPU = Release|Any CPU
	EndGlobalSection
	GlobalSection(ProjectConfigurationPlatforms) = postSolution
		{6D27F193-740C-49AA-9A0D-1F914485044C}.Debug|Any CPU.ActiveCfg = Debug|Any CPU
		{6D27F193-740C-49AA-9A0D-1F914485044C}.Debug|Any CPU.Build.0 = Debug|Any CPU
		{6D27F193-740C-49AA-9A0D-1F914485044C}.Release|Any CPU.ActiveCfg = Release|Any CPU
		{6D27F193-740C-49AA-9A0D-1F914485044C}.Release|Any CPU.Build.0 = Release|Any CPU
	EndGlobalSection
	GlobalSection(SolutionProperties) = preSolution
		HideSolutionNode = FALSE
	EndGlobalSection
	GlobalSection(ExtensibilityGlobals) = postSolution
		SolutionGuid = {F973CC71-6493-4C43-8417-40FD171A30D9}
	EndGlobalSection
EndGlobal
